// !$*UTF8*$!
{
	archiveVersion = 1;
	classes = {
	};
	objectVersion = 46;
	objects = {

/* Begin PBXBuildFile section */
		9FD5980B4DA367F23E312E4B /* Pods_TrainingPlanner.framework in Frameworks */ = {isa = PBXBuildFile; fileRef = 4F27A33AE598D50281025A50 /* Pods_TrainingPlanner.framework */; };
		C15012A01ED30205001E3062 /* TrainingListViewController.swift in Sources */ = {isa = PBXBuildFile; fileRef = C150129F1ED30205001E3062 /* TrainingListViewController.swift */; };
		C15012A21ED30242001E3062 /* CreateTrainingViewController.swift in Sources */ = {isa = PBXBuildFile; fileRef = C15012A11ED30242001E3062 /* CreateTrainingViewController.swift */; };
		C15012A41ED303D3001E3062 /* FirebaseManager.swift in Sources */ = {isa = PBXBuildFile; fileRef = C15012A31ED303D3001E3062 /* FirebaseManager.swift */; };
		C15828931EDC0A66008F5FBE /* NetworkManager.swift in Sources */ = {isa = PBXBuildFile; fileRef = C15828921EDC0A66008F5FBE /* NetworkManager.swift */; };
		C15828951EDC0AB5008F5FBE /* Reachability.swift in Sources */ = {isa = PBXBuildFile; fileRef = C15828941EDC0AB5008F5FBE /* Reachability.swift */; };
		C158289C1EDFF988008F5FBE /* TrainingDetailViewController.swift in Sources */ = {isa = PBXBuildFile; fileRef = C158289B1EDFF988008F5FBE /* TrainingDetailViewController.swift */; };
		C158289F1EE023AA008F5FBE /* MyProfileViewController.swift in Sources */ = {isa = PBXBuildFile; fileRef = C158289E1EE023AA008F5FBE /* MyProfileViewController.swift */; };
		C15828A81EE7DA4E008F5FBE /* Utility.swift in Sources */ = {isa = PBXBuildFile; fileRef = C15828A71EE7DA4E008F5FBE /* Utility.swift */; };
		C15828B11EE7E548008F5FBE /* Constants.swift in Sources */ = {isa = PBXBuildFile; fileRef = C15828B01EE7E548008F5FBE /* Constants.swift */; };
		C15828B31EE7E9D0008F5FBE /* AlamofireManager.swift in Sources */ = {isa = PBXBuildFile; fileRef = C15828B21EE7E9D0008F5FBE /* AlamofireManager.swift */; };
		C15828B61EE7ED43008F5FBE /* LoginViewModel.swift in Sources */ = {isa = PBXBuildFile; fileRef = C15828B51EE7ED43008F5FBE /* LoginViewModel.swift */; };
		C15828BB1EE7F31F008F5FBE /* UserRequest.swift in Sources */ = {isa = PBXBuildFile; fileRef = C15828BA1EE7F31F008F5FBE /* UserRequest.swift */; };
		C15828BD1EE7F3EB008F5FBE /* User.swift in Sources */ = {isa = PBXBuildFile; fileRef = C15828BC1EE7F3EB008F5FBE /* User.swift */; };
		C15828C81EE936EB008F5FBE /* String+Validation.swift in Sources */ = {isa = PBXBuildFile; fileRef = C15828C71EE936EB008F5FBE /* String+Validation.swift */; };
		C15828CE1EEABCE0008F5FBE /* GetTrainingsRequest.swift in Sources */ = {isa = PBXBuildFile; fileRef = C15828CD1EEABCE0008F5FBE /* GetTrainingsRequest.swift */; };
		C15828D01EEABD2E008F5FBE /* Training.swift in Sources */ = {isa = PBXBuildFile; fileRef = C15828CF1EEABD2E008F5FBE /* Training.swift */; };
		C1B9C0C51ED4164C00F48DCC /* TrainingCollectionViewCell.swift in Sources */ = {isa = PBXBuildFile; fileRef = C1B9C0C41ED4164C00F48DCC /* TrainingCollectionViewCell.swift */; };
		C1B9C0C71ED451FD00F48DCC /* TrainingTableViewCell.swift in Sources */ = {isa = PBXBuildFile; fileRef = C1B9C0C61ED451FD00F48DCC /* TrainingTableViewCell.swift */; };
		C1CBEE891ECDB6F8006967D8 /* AppDelegate.swift in Sources */ = {isa = PBXBuildFile; fileRef = C1CBEE881ECDB6F8006967D8 /* AppDelegate.swift */; };
		C1CBEE8B1ECDB6F8006967D8 /* LoginViewController.swift in Sources */ = {isa = PBXBuildFile; fileRef = C1CBEE8A1ECDB6F8006967D8 /* LoginViewController.swift */; };
		C1CBEE8E1ECDB6F8006967D8 /* Main.storyboard in Resources */ = {isa = PBXBuildFile; fileRef = C1CBEE8C1ECDB6F8006967D8 /* Main.storyboard */; };
		C1CBEE901ECDB6F8006967D8 /* Assets.xcassets in Resources */ = {isa = PBXBuildFile; fileRef = C1CBEE8F1ECDB6F8006967D8 /* Assets.xcassets */; };
		C1CBEE931ECDB6F8006967D8 /* LaunchScreen.storyboard in Resources */ = {isa = PBXBuildFile; fileRef = C1CBEE911ECDB6F8006967D8 /* LaunchScreen.storyboard */; };
		C1CBEE9E1ECDB6F8006967D8 /* TrainingPlannerTests.swift in Sources */ = {isa = PBXBuildFile; fileRef = C1CBEE9D1ECDB6F8006967D8 /* TrainingPlannerTests.swift */; };
		C1CBEEA91ECDB6F8006967D8 /* TrainingPlannerUITests.swift in Sources */ = {isa = PBXBuildFile; fileRef = C1CBEEA81ECDB6F8006967D8 /* TrainingPlannerUITests.swift */; };
		C1CBEEB71ECDB7FF006967D8 /* GoogleService-Info.plist in Resources */ = {isa = PBXBuildFile; fileRef = C1CBEEB61ECDB7FF006967D8 /* GoogleService-Info.plist */; };
		C1DA31151EEE899B00F1FA7F /* TrainingViewModel.swift in Sources */ = {isa = PBXBuildFile; fileRef = C1DA31141EEE899B00F1FA7F /* TrainingViewModel.swift */; };
		C1DA31171EEED6E800F1FA7F /* TrainingTableViewDataSource.swift in Sources */ = {isa = PBXBuildFile; fileRef = C1DA31161EEED6E800F1FA7F /* TrainingTableViewDataSource.swift */; };
/* End PBXBuildFile section */

/* Begin PBXContainerItemProxy section */
		C1CBEE9A1ECDB6F8006967D8 /* PBXContainerItemProxy */ = {
			isa = PBXContainerItemProxy;
			containerPortal = C1CBEE7D1ECDB6F8006967D8 /* Project object */;
			proxyType = 1;
			remoteGlobalIDString = C1CBEE841ECDB6F8006967D8;
			remoteInfo = TrainingPlanner;
		};
		C1CBEEA51ECDB6F8006967D8 /* PBXContainerItemProxy */ = {
			isa = PBXContainerItemProxy;
			containerPortal = C1CBEE7D1ECDB6F8006967D8 /* Project object */;
			proxyType = 1;
			remoteGlobalIDString = C1CBEE841ECDB6F8006967D8;
			remoteInfo = TrainingPlanner;
		};
/* End PBXContainerItemProxy section */

/* Begin PBXFileReference section */
		2AB0EC0A8EF3D06317D37434 /* Pods-TrainingPlanner.release.xcconfig */ = {isa = PBXFileReference; includeInIndex = 1; lastKnownFileType = text.xcconfig; name = "Pods-TrainingPlanner.release.xcconfig"; path = "Pods/Target Support Files/Pods-TrainingPlanner/Pods-TrainingPlanner.release.xcconfig"; sourceTree = "<group>"; };
		4F27A33AE598D50281025A50 /* Pods_TrainingPlanner.framework */ = {isa = PBXFileReference; explicitFileType = wrapper.framework; includeInIndex = 0; path = Pods_TrainingPlanner.framework; sourceTree = BUILT_PRODUCTS_DIR; };
		C150129F1ED30205001E3062 /* TrainingListViewController.swift */ = {isa = PBXFileReference; fileEncoding = 4; lastKnownFileType = sourcecode.swift; path = TrainingListViewController.swift; sourceTree = "<group>"; };
		C15012A11ED30242001E3062 /* CreateTrainingViewController.swift */ = {isa = PBXFileReference; fileEncoding = 4; lastKnownFileType = sourcecode.swift; path = CreateTrainingViewController.swift; sourceTree = "<group>"; };
		C15012A31ED303D3001E3062 /* FirebaseManager.swift */ = {isa = PBXFileReference; fileEncoding = 4; lastKnownFileType = sourcecode.swift; path = FirebaseManager.swift; sourceTree = "<group>"; };
		C15828921EDC0A66008F5FBE /* NetworkManager.swift */ = {isa = PBXFileReference; fileEncoding = 4; lastKnownFileType = sourcecode.swift; path = NetworkManager.swift; sourceTree = "<group>"; };
		C15828941EDC0AB5008F5FBE /* Reachability.swift */ = {isa = PBXFileReference; fileEncoding = 4; lastKnownFileType = sourcecode.swift; path = Reachability.swift; sourceTree = "<group>"; };
		C158289B1EDFF988008F5FBE /* TrainingDetailViewController.swift */ = {isa = PBXFileReference; fileEncoding = 4; lastKnownFileType = sourcecode.swift; path = TrainingDetailViewController.swift; sourceTree = "<group>"; };
		C158289E1EE023AA008F5FBE /* MyProfileViewController.swift */ = {isa = PBXFileReference; fileEncoding = 4; lastKnownFileType = sourcecode.swift; path = MyProfileViewController.swift; sourceTree = "<group>"; };
		C15828A71EE7DA4E008F5FBE /* Utility.swift */ = {isa = PBXFileReference; fileEncoding = 4; lastKnownFileType = sourcecode.swift; path = Utility.swift; sourceTree = "<group>"; };
		C15828B01EE7E548008F5FBE /* Constants.swift */ = {isa = PBXFileReference; fileEncoding = 4; lastKnownFileType = sourcecode.swift; path = Constants.swift; sourceTree = "<group>"; };
		C15828B21EE7E9D0008F5FBE /* AlamofireManager.swift */ = {isa = PBXFileReference; fileEncoding = 4; lastKnownFileType = sourcecode.swift; path = AlamofireManager.swift; sourceTree = "<group>"; };
		C15828B51EE7ED43008F5FBE /* LoginViewModel.swift */ = {isa = PBXFileReference; fileEncoding = 4; lastKnownFileType = sourcecode.swift; path = LoginViewModel.swift; sourceTree = "<group>"; };
		C15828BA1EE7F31F008F5FBE /* UserRequest.swift */ = {isa = PBXFileReference; fileEncoding = 4; lastKnownFileType = sourcecode.swift; path = UserRequest.swift; sourceTree = "<group>"; };
		C15828BC1EE7F3EB008F5FBE /* User.swift */ = {isa = PBXFileReference; fileEncoding = 4; lastKnownFileType = sourcecode.swift; path = User.swift; sourceTree = "<group>"; };
		C15828C71EE936EB008F5FBE /* String+Validation.swift */ = {isa = PBXFileReference; fileEncoding = 4; lastKnownFileType = sourcecode.swift; path = "String+Validation.swift"; sourceTree = "<group>"; };
		C15828CD1EEABCE0008F5FBE /* GetTrainingsRequest.swift */ = {isa = PBXFileReference; fileEncoding = 4; lastKnownFileType = sourcecode.swift; path = GetTrainingsRequest.swift; sourceTree = "<group>"; };
		C15828CF1EEABD2E008F5FBE /* Training.swift */ = {isa = PBXFileReference; fileEncoding = 4; lastKnownFileType = sourcecode.swift; path = Training.swift; sourceTree = "<group>"; };
		C1B9C0C41ED4164C00F48DCC /* TrainingCollectionViewCell.swift */ = {isa = PBXFileReference; fileEncoding = 4; lastKnownFileType = sourcecode.swift; path = TrainingCollectionViewCell.swift; sourceTree = "<group>"; };
		C1B9C0C61ED451FD00F48DCC /* TrainingTableViewCell.swift */ = {isa = PBXFileReference; fileEncoding = 4; lastKnownFileType = sourcecode.swift; path = TrainingTableViewCell.swift; sourceTree = "<group>"; };
		C1CBEE851ECDB6F8006967D8 /* TrainingPlanner.app */ = {isa = PBXFileReference; explicitFileType = wrapper.application; includeInIndex = 0; path = TrainingPlanner.app; sourceTree = BUILT_PRODUCTS_DIR; };
		C1CBEE881ECDB6F8006967D8 /* AppDelegate.swift */ = {isa = PBXFileReference; lastKnownFileType = sourcecode.swift; path = AppDelegate.swift; sourceTree = "<group>"; };
		C1CBEE8A1ECDB6F8006967D8 /* LoginViewController.swift */ = {isa = PBXFileReference; lastKnownFileType = sourcecode.swift; path = LoginViewController.swift; sourceTree = "<group>"; };
		C1CBEE8D1ECDB6F8006967D8 /* Base */ = {isa = PBXFileReference; lastKnownFileType = file.storyboard; name = Base; path = Base.lproj/Main.storyboard; sourceTree = "<group>"; };
		C1CBEE8F1ECDB6F8006967D8 /* Assets.xcassets */ = {isa = PBXFileReference; lastKnownFileType = folder.assetcatalog; path = Assets.xcassets; sourceTree = "<group>"; };
		C1CBEE921ECDB6F8006967D8 /* Base */ = {isa = PBXFileReference; lastKnownFileType = file.storyboard; name = Base; path = Base.lproj/LaunchScreen.storyboard; sourceTree = "<group>"; };
		C1CBEE941ECDB6F8006967D8 /* Info.plist */ = {isa = PBXFileReference; lastKnownFileType = text.plist.xml; path = Info.plist; sourceTree = "<group>"; };
		C1CBEE991ECDB6F8006967D8 /* TrainingPlannerTests.xctest */ = {isa = PBXFileReference; explicitFileType = wrapper.cfbundle; includeInIndex = 0; path = TrainingPlannerTests.xctest; sourceTree = BUILT_PRODUCTS_DIR; };
		C1CBEE9D1ECDB6F8006967D8 /* TrainingPlannerTests.swift */ = {isa = PBXFileReference; lastKnownFileType = sourcecode.swift; path = TrainingPlannerTests.swift; sourceTree = "<group>"; };
		C1CBEE9F1ECDB6F8006967D8 /* Info.plist */ = {isa = PBXFileReference; lastKnownFileType = text.plist.xml; path = Info.plist; sourceTree = "<group>"; };
		C1CBEEA41ECDB6F8006967D8 /* TrainingPlannerUITests.xctest */ = {isa = PBXFileReference; explicitFileType = wrapper.cfbundle; includeInIndex = 0; path = TrainingPlannerUITests.xctest; sourceTree = BUILT_PRODUCTS_DIR; };
		C1CBEEA81ECDB6F8006967D8 /* TrainingPlannerUITests.swift */ = {isa = PBXFileReference; lastKnownFileType = sourcecode.swift; path = TrainingPlannerUITests.swift; sourceTree = "<group>"; };
		C1CBEEAA1ECDB6F8006967D8 /* Info.plist */ = {isa = PBXFileReference; lastKnownFileType = text.plist.xml; path = Info.plist; sourceTree = "<group>"; };
		C1CBEEB61ECDB7FF006967D8 /* GoogleService-Info.plist */ = {isa = PBXFileReference; fileEncoding = 4; lastKnownFileType = text.plist.xml; path = "GoogleService-Info.plist"; sourceTree = "<group>"; };
		C1DA31141EEE899B00F1FA7F /* TrainingViewModel.swift */ = {isa = PBXFileReference; fileEncoding = 4; lastKnownFileType = sourcecode.swift; path = TrainingViewModel.swift; sourceTree = "<group>"; };
		C1DA31161EEED6E800F1FA7F /* TrainingTableViewDataSource.swift */ = {isa = PBXFileReference; fileEncoding = 4; lastKnownFileType = sourcecode.swift; path = TrainingTableViewDataSource.swift; sourceTree = "<group>"; };
		FF3B3EEFBAE7F7F86A1B0DD7 /* Pods-TrainingPlanner.debug.xcconfig */ = {isa = PBXFileReference; includeInIndex = 1; lastKnownFileType = text.xcconfig; name = "Pods-TrainingPlanner.debug.xcconfig"; path = "Pods/Target Support Files/Pods-TrainingPlanner/Pods-TrainingPlanner.debug.xcconfig"; sourceTree = "<group>"; };
/* End PBXFileReference section */

/* Begin PBXFrameworksBuildPhase section */
		C1CBEE821ECDB6F8006967D8 /* Frameworks */ = {
			isa = PBXFrameworksBuildPhase;
			buildActionMask = 2147483647;
			files = (
				9FD5980B4DA367F23E312E4B /* Pods_TrainingPlanner.framework in Frameworks */,
			);
			runOnlyForDeploymentPostprocessing = 0;
		};
		C1CBEE961ECDB6F8006967D8 /* Frameworks */ = {
			isa = PBXFrameworksBuildPhase;
			buildActionMask = 2147483647;
			files = (
			);
			runOnlyForDeploymentPostprocessing = 0;
		};
		C1CBEEA11ECDB6F8006967D8 /* Frameworks */ = {
			isa = PBXFrameworksBuildPhase;
			buildActionMask = 2147483647;
			files = (
			);
			runOnlyForDeploymentPostprocessing = 0;
		};
/* End PBXFrameworksBuildPhase section */

/* Begin PBXGroup section */
		3BBFEF965CBB993F25CE2210 /* Pods */ = {
			isa = PBXGroup;
			children = (
				FF3B3EEFBAE7F7F86A1B0DD7 /* Pods-TrainingPlanner.debug.xcconfig */,
				2AB0EC0A8EF3D06317D37434 /* Pods-TrainingPlanner.release.xcconfig */,
			);
			name = Pods;
			sourceTree = "<group>";
		};
		4527DB48CA6D64AFD73CCBCF /* Frameworks */ = {
			isa = PBXGroup;
			children = (
				4F27A33AE598D50281025A50 /* Pods_TrainingPlanner.framework */,
			);
			name = Frameworks;
			sourceTree = "<group>";
		};
		C15828961EDDB941008F5FBE /* Login */ = {
			isa = PBXGroup;
			children = (
				C1CBEE8A1ECDB6F8006967D8 /* LoginViewController.swift */,
				C15828B51EE7ED43008F5FBE /* LoginViewModel.swift */,
				C15828BC1EE7F3EB008F5FBE /* User.swift */,
			);
			name = Login;
			sourceTree = "<group>";
		};
		C15828981EDDB95D008F5FBE /* Training Listing */ = {
			isa = PBXGroup;
			children = (
				C1B9C0C41ED4164C00F48DCC /* TrainingCollectionViewCell.swift */,
				C1B9C0C61ED451FD00F48DCC /* TrainingTableViewCell.swift */,
				C150129F1ED30205001E3062 /* TrainingListViewController.swift */,
				C158289B1EDFF988008F5FBE /* TrainingDetailViewController.swift */,
				C15828CF1EEABD2E008F5FBE /* Training.swift */,
				C1DA31141EEE899B00F1FA7F /* TrainingViewModel.swift */,
				C1DA31161EEED6E800F1FA7F /* TrainingTableViewDataSource.swift */,
			);
			name = "Training Listing";
			sourceTree = "<group>";
		};
		C15828991EDDB968008F5FBE /* Add Training */ = {
			isa = PBXGroup;
			children = (
				C15012A11ED30242001E3062 /* CreateTrainingViewController.swift */,
			);
			name = "Add Training";
			sourceTree = "<group>";
		};
		C158289A1EDDB99E008F5FBE /* Utility */ = {
			isa = PBXGroup;
			children = (
				C15828C61EE936C4008F5FBE /* Extensions */,
				C15828921EDC0A66008F5FBE /* NetworkManager.swift */,
				C15828941EDC0AB5008F5FBE /* Reachability.swift */,
				C15012A31ED303D3001E3062 /* FirebaseManager.swift */,
				C15828A71EE7DA4E008F5FBE /* Utility.swift */,
				C15828B01EE7E548008F5FBE /* Constants.swift */,
				C15828B21EE7E9D0008F5FBE /* AlamofireManager.swift */,
			);
			name = Utility;
			sourceTree = "<group>";
		};
		C158289D1EE02393008F5FBE /* Profile */ = {
			isa = PBXGroup;
			children = (
				C158289E1EE023AA008F5FBE /* MyProfileViewController.swift */,
			);
			name = Profile;
			sourceTree = "<group>";
		};
		C15828B91EE7F2EB008F5FBE /* Requests */ = {
			isa = PBXGroup;
			children = (
				C15828BA1EE7F31F008F5FBE /* UserRequest.swift */,
				C15828CD1EEABCE0008F5FBE /* GetTrainingsRequest.swift */,
			);
			name = Requests;
			sourceTree = "<group>";
		};
		C15828C61EE936C4008F5FBE /* Extensions */ = {
			isa = PBXGroup;
			children = (
				C15828C71EE936EB008F5FBE /* String+Validation.swift */,
			);
			name = Extensions;
			sourceTree = "<group>";
		};
		C1CBEE7C1ECDB6F8006967D8 = {
			isa = PBXGroup;
			children = (
				C1CBEE871ECDB6F8006967D8 /* TrainingPlanner */,
				C1CBEE9C1ECDB6F8006967D8 /* TrainingPlannerTests */,
				C1CBEEA71ECDB6F8006967D8 /* TrainingPlannerUITests */,
				C1CBEE861ECDB6F8006967D8 /* Products */,
				3BBFEF965CBB993F25CE2210 /* Pods */,
				4527DB48CA6D64AFD73CCBCF /* Frameworks */,
			);
			sourceTree = "<group>";
		};
		C1CBEE861ECDB6F8006967D8 /* Products */ = {
			isa = PBXGroup;
			children = (
				C1CBEE851ECDB6F8006967D8 /* TrainingPlanner.app */,
				C1CBEE991ECDB6F8006967D8 /* TrainingPlannerTests.xctest */,
				C1CBEEA41ECDB6F8006967D8 /* TrainingPlannerUITests.xctest */,
			);
			name = Products;
			sourceTree = "<group>";
		};
		C1CBEE871ECDB6F8006967D8 /* TrainingPlanner */ = {
			isa = PBXGroup;
			children = (
				C15828B91EE7F2EB008F5FBE /* Requests */,
				C158289D1EE02393008F5FBE /* Profile */,
				C158289A1EDDB99E008F5FBE /* Utility */,
				C15828991EDDB968008F5FBE /* Add Training */,
				C15828981EDDB95D008F5FBE /* Training Listing */,
				C15828961EDDB941008F5FBE /* Login */,
				C1CBEEB61ECDB7FF006967D8 /* GoogleService-Info.plist */,
				C1CBEE881ECDB6F8006967D8 /* AppDelegate.swift */,
				C1CBEE8C1ECDB6F8006967D8 /* Main.storyboard */,
				C1CBEE8F1ECDB6F8006967D8 /* Assets.xcassets */,
				C1CBEE911ECDB6F8006967D8 /* LaunchScreen.storyboard */,
				C1CBEE941ECDB6F8006967D8 /* Info.plist */,
			);
			path = TrainingPlanner;
			sourceTree = "<group>";
		};
		C1CBEE9C1ECDB6F8006967D8 /* TrainingPlannerTests */ = {
			isa = PBXGroup;
			children = (
				C1CBEE9D1ECDB6F8006967D8 /* TrainingPlannerTests.swift */,
				C1CBEE9F1ECDB6F8006967D8 /* Info.plist */,
			);
			path = TrainingPlannerTests;
			sourceTree = "<group>";
		};
		C1CBEEA71ECDB6F8006967D8 /* TrainingPlannerUITests */ = {
			isa = PBXGroup;
			children = (
				C1CBEEA81ECDB6F8006967D8 /* TrainingPlannerUITests.swift */,
				C1CBEEAA1ECDB6F8006967D8 /* Info.plist */,
			);
			path = TrainingPlannerUITests;
			sourceTree = "<group>";
		};
/* End PBXGroup section */

/* Begin PBXNativeTarget section */
		C1CBEE841ECDB6F8006967D8 /* TrainingPlanner */ = {
			isa = PBXNativeTarget;
			buildConfigurationList = C1CBEEAD1ECDB6F8006967D8 /* Build configuration list for PBXNativeTarget "TrainingPlanner" */;
			buildPhases = (
				2BE5060A638CD5098B514BE5 /* [CP] Check Pods Manifest.lock */,
				C1CBEE811ECDB6F8006967D8 /* Sources */,
				C1CBEE821ECDB6F8006967D8 /* Frameworks */,
				C1CBEE831ECDB6F8006967D8 /* Resources */,
				23A5292F520067517261A202 /* [CP] Embed Pods Frameworks */,
				A87ED37F85E1443D919A52CE /* [CP] Copy Pods Resources */,
			);
			buildRules = (
			);
			dependencies = (
			);
			name = TrainingPlanner;
			productName = TrainingPlanner;
			productReference = C1CBEE851ECDB6F8006967D8 /* TrainingPlanner.app */;
			productType = "com.apple.product-type.application";
		};
		C1CBEE981ECDB6F8006967D8 /* TrainingPlannerTests */ = {
			isa = PBXNativeTarget;
			buildConfigurationList = C1CBEEB01ECDB6F8006967D8 /* Build configuration list for PBXNativeTarget "TrainingPlannerTests" */;
			buildPhases = (
				C1CBEE951ECDB6F8006967D8 /* Sources */,
				C1CBEE961ECDB6F8006967D8 /* Frameworks */,
				C1CBEE971ECDB6F8006967D8 /* Resources */,
			);
			buildRules = (
			);
			dependencies = (
				C1CBEE9B1ECDB6F8006967D8 /* PBXTargetDependency */,
			);
			name = TrainingPlannerTests;
			productName = TrainingPlannerTests;
			productReference = C1CBEE991ECDB6F8006967D8 /* TrainingPlannerTests.xctest */;
			productType = "com.apple.product-type.bundle.unit-test";
		};
		C1CBEEA31ECDB6F8006967D8 /* TrainingPlannerUITests */ = {
			isa = PBXNativeTarget;
			buildConfigurationList = C1CBEEB31ECDB6F8006967D8 /* Build configuration list for PBXNativeTarget "TrainingPlannerUITests" */;
			buildPhases = (
				C1CBEEA01ECDB6F8006967D8 /* Sources */,
				C1CBEEA11ECDB6F8006967D8 /* Frameworks */,
				C1CBEEA21ECDB6F8006967D8 /* Resources */,
			);
			buildRules = (
			);
			dependencies = (
				C1CBEEA61ECDB6F8006967D8 /* PBXTargetDependency */,
			);
			name = TrainingPlannerUITests;
			productName = TrainingPlannerUITests;
			productReference = C1CBEEA41ECDB6F8006967D8 /* TrainingPlannerUITests.xctest */;
			productType = "com.apple.product-type.bundle.ui-testing";
		};
/* End PBXNativeTarget section */

/* Begin PBXProject section */
		C1CBEE7D1ECDB6F8006967D8 /* Project object */ = {
			isa = PBXProject;
			attributes = {
				LastSwiftUpdateCheck = 0830;
				LastUpgradeCheck = 0830;
				ORGANIZATIONNAME = Sogeti;
				TargetAttributes = {
					C1CBEE841ECDB6F8006967D8 = {
						CreatedOnToolsVersion = 8.3.2;
						ProvisioningStyle = Automatic;
					};
					C1CBEE981ECDB6F8006967D8 = {
						CreatedOnToolsVersion = 8.3.2;
						ProvisioningStyle = Automatic;
						TestTargetID = C1CBEE841ECDB6F8006967D8;
					};
					C1CBEEA31ECDB6F8006967D8 = {
						CreatedOnToolsVersion = 8.3.2;
						ProvisioningStyle = Automatic;
						TestTargetID = C1CBEE841ECDB6F8006967D8;
					};
				};
			};
			buildConfigurationList = C1CBEE801ECDB6F8006967D8 /* Build configuration list for PBXProject "TrainingPlanner" */;
			compatibilityVersion = "Xcode 3.2";
			developmentRegion = English;
			hasScannedForEncodings = 0;
			knownRegions = (
				en,
				Base,
			);
			mainGroup = C1CBEE7C1ECDB6F8006967D8;
			productRefGroup = C1CBEE861ECDB6F8006967D8 /* Products */;
			projectDirPath = "";
			projectRoot = "";
			targets = (
				C1CBEE841ECDB6F8006967D8 /* TrainingPlanner */,
				C1CBEE981ECDB6F8006967D8 /* TrainingPlannerTests */,
				C1CBEEA31ECDB6F8006967D8 /* TrainingPlannerUITests */,
			);
		};
/* End PBXProject section */

/* Begin PBXResourcesBuildPhase section */
		C1CBEE831ECDB6F8006967D8 /* Resources */ = {
			isa = PBXResourcesBuildPhase;
			buildActionMask = 2147483647;
			files = (
				C1CBEE931ECDB6F8006967D8 /* LaunchScreen.storyboard in Resources */,
				C1CBEEB71ECDB7FF006967D8 /* GoogleService-Info.plist in Resources */,
				C1CBEE901ECDB6F8006967D8 /* Assets.xcassets in Resources */,
				C1CBEE8E1ECDB6F8006967D8 /* Main.storyboard in Resources */,
			);
			runOnlyForDeploymentPostprocessing = 0;
		};
		C1CBEE971ECDB6F8006967D8 /* Resources */ = {
			isa = PBXResourcesBuildPhase;
			buildActionMask = 2147483647;
			files = (
			);
			runOnlyForDeploymentPostprocessing = 0;
		};
		C1CBEEA21ECDB6F8006967D8 /* Resources */ = {
			isa = PBXResourcesBuildPhase;
			buildActionMask = 2147483647;
			files = (
			);
			runOnlyForDeploymentPostprocessing = 0;
		};
/* End PBXResourcesBuildPhase section */

/* Begin PBXShellScriptBuildPhase section */
		23A5292F520067517261A202 /* [CP] Embed Pods Frameworks */ = {
			isa = PBXShellScriptBuildPhase;
			buildActionMask = 2147483647;
			files = (
			);
			inputPaths = (
			);
			name = "[CP] Embed Pods Frameworks";
			outputPaths = (
			);
			runOnlyForDeploymentPostprocessing = 0;
			shellPath = /bin/sh;
			shellScript = "\"${SRCROOT}/Pods/Target Support Files/Pods-TrainingPlanner/Pods-TrainingPlanner-frameworks.sh\"\n";
			showEnvVarsInLog = 0;
		};
		2BE5060A638CD5098B514BE5 /* [CP] Check Pods Manifest.lock */ = {
			isa = PBXShellScriptBuildPhase;
			buildActionMask = 2147483647;
			files = (
			);
			inputPaths = (
			);
			name = "[CP] Check Pods Manifest.lock";
			outputPaths = (
			);
			runOnlyForDeploymentPostprocessing = 0;
			shellPath = /bin/sh;
			shellScript = "diff \"${PODS_PODFILE_DIR_PATH}/Podfile.lock\" \"${PODS_ROOT}/Manifest.lock\" > /dev/null\nif [ $? != 0 ] ; then\n    # print error to STDERR\n    echo \"error: The sandbox is not in sync with the Podfile.lock. Run 'pod install' or update your CocoaPods installation.\" >&2\n    exit 1\nfi\n";
			showEnvVarsInLog = 0;
		};
		A87ED37F85E1443D919A52CE /* [CP] Copy Pods Resources */ = {
			isa = PBXShellScriptBuildPhase;
			buildActionMask = 2147483647;
			files = (
			);
			inputPaths = (
			);
			name = "[CP] Copy Pods Resources";
			outputPaths = (
			);
			runOnlyForDeploymentPostprocessing = 0;
			shellPath = /bin/sh;
			shellScript = "\"${SRCROOT}/Pods/Target Support Files/Pods-TrainingPlanner/Pods-TrainingPlanner-resources.sh\"\n";
			showEnvVarsInLog = 0;
		};
/* End PBXShellScriptBuildPhase section */

/* Begin PBXSourcesBuildPhase section */
		C1CBEE811ECDB6F8006967D8 /* Sources */ = {
			isa = PBXSourcesBuildPhase;
			buildActionMask = 2147483647;
			files = (
				C1B9C0C51ED4164C00F48DCC /* TrainingCollectionViewCell.swift in Sources */,
				C158289C1EDFF988008F5FBE /* TrainingDetailViewController.swift in Sources */,
				C1DA31171EEED6E800F1FA7F /* TrainingTableViewDataSource.swift in Sources */,
				C15828BB1EE7F31F008F5FBE /* UserRequest.swift in Sources */,
				C15012A21ED30242001E3062 /* CreateTrainingViewController.swift in Sources */,
				C1CBEE8B1ECDB6F8006967D8 /* LoginViewController.swift in Sources */,
				C158289F1EE023AA008F5FBE /* MyProfileViewController.swift in Sources */,
				C15012A41ED303D3001E3062 /* FirebaseManager.swift in Sources */,
				C15828BD1EE7F3EB008F5FBE /* User.swift in Sources */,
				C1DA31151EEE899B00F1FA7F /* TrainingViewModel.swift in Sources */,
				C15828931EDC0A66008F5FBE /* NetworkManager.swift in Sources */,
				C15828D01EEABD2E008F5FBE /* Training.swift in Sources */,
				C15828C81EE936EB008F5FBE /* String+Validation.swift in Sources */,
				C15828B11EE7E548008F5FBE /* Constants.swift in Sources */,
				C15828B61EE7ED43008F5FBE /* LoginViewModel.swift in Sources */,
				C15828951EDC0AB5008F5FBE /* Reachability.swift in Sources */,
				C15828A81EE7DA4E008F5FBE /* Utility.swift in Sources */,
				C1CBEE891ECDB6F8006967D8 /* AppDelegate.swift in Sources */,
				C15828CE1EEABCE0008F5FBE /* GetTrainingsRequest.swift in Sources */,
				C1B9C0C71ED451FD00F48DCC /* TrainingTableViewCell.swift in Sources */,
				C15828B31EE7E9D0008F5FBE /* AlamofireManager.swift in Sources */,
				C15012A01ED30205001E3062 /* TrainingListViewController.swift in Sources */,
			);
			runOnlyForDeploymentPostprocessing = 0;
		};
		C1CBEE951ECDB6F8006967D8 /* Sources */ = {
			isa = PBXSourcesBuildPhase;
			buildActionMask = 2147483647;
			files = (
				C1CBEE9E1ECDB6F8006967D8 /* TrainingPlannerTests.swift in Sources */,
			);
			runOnlyForDeploymentPostprocessing = 0;
		};
		C1CBEEA01ECDB6F8006967D8 /* Sources */ = {
			isa = PBXSourcesBuildPhase;
			buildActionMask = 2147483647;
			files = (
				C1CBEEA91ECDB6F8006967D8 /* TrainingPlannerUITests.swift in Sources */,
			);
			runOnlyForDeploymentPostprocessing = 0;
		};
/* End PBXSourcesBuildPhase section */

/* Begin PBXTargetDependency section */
		C1CBEE9B1ECDB6F8006967D8 /* PBXTargetDependency */ = {
			isa = PBXTargetDependency;
			target = C1CBEE841ECDB6F8006967D8 /* TrainingPlanner */;
			targetProxy = C1CBEE9A1ECDB6F8006967D8 /* PBXContainerItemProxy */;
		};
		C1CBEEA61ECDB6F8006967D8 /* PBXTargetDependency */ = {
			isa = PBXTargetDependency;
			target = C1CBEE841ECDB6F8006967D8 /* TrainingPlanner */;
			targetProxy = C1CBEEA51ECDB6F8006967D8 /* PBXContainerItemProxy */;
		};
/* End PBXTargetDependency section */

/* Begin PBXVariantGroup section */
		C1CBEE8C1ECDB6F8006967D8 /* Main.storyboard */ = {
			isa = PBXVariantGroup;
			children = (
				C1CBEE8D1ECDB6F8006967D8 /* Base */,
			);
			name = Main.storyboard;
			sourceTree = "<group>";
		};
		C1CBEE911ECDB6F8006967D8 /* LaunchScreen.storyboard */ = {
			isa = PBXVariantGroup;
			children = (
				C1CBEE921ECDB6F8006967D8 /* Base */,
			);
			name = LaunchScreen.storyboard;
			sourceTree = "<group>";
		};
/* End PBXVariantGroup section */

/* Begin XCBuildConfiguration section */
		C1CBEEAB1ECDB6F8006967D8 /* Debug */ = {
			isa = XCBuildConfiguration;
			buildSettings = {
				ALWAYS_SEARCH_USER_PATHS = NO;
				CLANG_ANALYZER_NONNULL = YES;
				CLANG_ANALYZER_NUMBER_OBJECT_CONVERSION = YES_AGGRESSIVE;
				CLANG_CXX_LANGUAGE_STANDARD = "gnu++0x";
				CLANG_CXX_LIBRARY = "libc++";
				CLANG_ENABLE_MODULES = YES;
				CLANG_ENABLE_OBJC_ARC = YES;
				CLANG_WARN_BOOL_CONVERSION = YES;
				CLANG_WARN_CONSTANT_CONVERSION = YES;
				CLANG_WARN_DIRECT_OBJC_ISA_USAGE = YES_ERROR;
				CLANG_WARN_DOCUMENTATION_COMMENTS = YES;
				CLANG_WARN_EMPTY_BODY = YES;
				CLANG_WARN_ENUM_CONVERSION = YES;
				CLANG_WARN_INFINITE_RECURSION = YES;
				CLANG_WARN_INT_CONVERSION = YES;
				CLANG_WARN_OBJC_ROOT_CLASS = YES_ERROR;
				CLANG_WARN_SUSPICIOUS_MOVE = YES;
				CLANG_WARN_UNREACHABLE_CODE = YES;
				CLANG_WARN__DUPLICATE_METHOD_MATCH = YES;
				"CODE_SIGN_IDENTITY[sdk=iphoneos*]" = "iPhone Developer";
				COPY_PHASE_STRIP = NO;
				DEBUG_INFORMATION_FORMAT = dwarf;
				ENABLE_STRICT_OBJC_MSGSEND = YES;
				ENABLE_TESTABILITY = YES;
				GCC_C_LANGUAGE_STANDARD = gnu99;
				GCC_DYNAMIC_NO_PIC = NO;
				GCC_NO_COMMON_BLOCKS = YES;
				GCC_OPTIMIZATION_LEVEL = 0;
				GCC_PREPROCESSOR_DEFINITIONS = (
					"DEBUG=1",
					"$(inherited)",
				);
				GCC_WARN_64_TO_32_BIT_CONVERSION = YES;
				GCC_WARN_ABOUT_RETURN_TYPE = YES_ERROR;
				GCC_WARN_UNDECLARED_SELECTOR = YES;
				GCC_WARN_UNINITIALIZED_AUTOS = YES_AGGRESSIVE;
				GCC_WARN_UNUSED_FUNCTION = YES;
				GCC_WARN_UNUSED_VARIABLE = YES;
				IPHONEOS_DEPLOYMENT_TARGET = 10.3;
				MTL_ENABLE_DEBUG_INFO = YES;
				ONLY_ACTIVE_ARCH = YES;
				SDKROOT = iphoneos;
				SWIFT_ACTIVE_COMPILATION_CONDITIONS = DEBUG;
				SWIFT_OPTIMIZATION_LEVEL = "-Onone";
				TARGETED_DEVICE_FAMILY = "1,2";
			};
			name = Debug;
		};
		C1CBEEAC1ECDB6F8006967D8 /* Release */ = {
			isa = XCBuildConfiguration;
			buildSettings = {
				ALWAYS_SEARCH_USER_PATHS = NO;
				CLANG_ANALYZER_NONNULL = YES;
				CLANG_ANALYZER_NUMBER_OBJECT_CONVERSION = YES_AGGRESSIVE;
				CLANG_CXX_LANGUAGE_STANDARD = "gnu++0x";
				CLANG_CXX_LIBRARY = "libc++";
				CLANG_ENABLE_MODULES = YES;
				CLANG_ENABLE_OBJC_ARC = YES;
				CLANG_WARN_BOOL_CONVERSION = YES;
				CLANG_WARN_CONSTANT_CONVERSION = YES;
				CLANG_WARN_DIRECT_OBJC_ISA_USAGE = YES_ERROR;
				CLANG_WARN_DOCUMENTATION_COMMENTS = YES;
				CLANG_WARN_EMPTY_BODY = YES;
				CLANG_WARN_ENUM_CONVERSION = YES;
				CLANG_WARN_INFINITE_RECURSION = YES;
				CLANG_WARN_INT_CONVERSION = YES;
				CLANG_WARN_OBJC_ROOT_CLASS = YES_ERROR;
				CLANG_WARN_SUSPICIOUS_MOVE = YES;
				CLANG_WARN_UNREACHABLE_CODE = YES;
				CLANG_WARN__DUPLICATE_METHOD_MATCH = YES;
				"CODE_SIGN_IDENTITY[sdk=iphoneos*]" = "iPhone Developer";
				COPY_PHASE_STRIP = NO;
				DEBUG_INFORMATION_FORMAT = "dwarf-with-dsym";
				ENABLE_NS_ASSERTIONS = NO;
				ENABLE_STRICT_OBJC_MSGSEND = YES;
				GCC_C_LANGUAGE_STANDARD = gnu99;
				GCC_NO_COMMON_BLOCKS = YES;
				GCC_WARN_64_TO_32_BIT_CONVERSION = YES;
				GCC_WARN_ABOUT_RETURN_TYPE = YES_ERROR;
				GCC_WARN_UNDECLARED_SELECTOR = YES;
				GCC_WARN_UNINITIALIZED_AUTOS = YES_AGGRESSIVE;
				GCC_WARN_UNUSED_FUNCTION = YES;
				GCC_WARN_UNUSED_VARIABLE = YES;
				IPHONEOS_DEPLOYMENT_TARGET = 10.3;
				MTL_ENABLE_DEBUG_INFO = NO;
				SDKROOT = iphoneos;
				SWIFT_OPTIMIZATION_LEVEL = "-Owholemodule";
				TARGETED_DEVICE_FAMILY = "1,2";
				VALIDATE_PRODUCT = YES;
			};
			name = Release;
		};
		C1CBEEAE1ECDB6F8006967D8 /* Debug */ = {
			isa = XCBuildConfiguration;
			baseConfigurationReference = FF3B3EEFBAE7F7F86A1B0DD7 /* Pods-TrainingPlanner.debug.xcconfig */;
			buildSettings = {
				ASSETCATALOG_COMPILER_APPICON_NAME = AppIcon;
				INFOPLIST_FILE = TrainingPlanner/Info.plist;
				LD_RUNPATH_SEARCH_PATHS = "$(inherited) @executable_path/Frameworks";
				PRODUCT_BUNDLE_IDENTIFIER = com.sogeti.TrainingPlanner;
				PRODUCT_NAME = "$(TARGET_NAME)";
				SWIFT_VERSION = 3.0;
			};
			name = Debug;
		};
		C1CBEEAF1ECDB6F8006967D8 /* Release */ = {
			isa = XCBuildConfiguration;
			baseConfigurationReference = 2AB0EC0A8EF3D06317D37434 /* Pods-TrainingPlanner.release.xcconfig */;
			buildSettings = {
				ASSETCATALOG_COMPILER_APPICON_NAME = AppIcon;
				INFOPLIST_FILE = TrainingPlanner/Info.plist;
				LD_RUNPATH_SEARCH_PATHS = "$(inherited) @executable_path/Frameworks";
				PRODUCT_BUNDLE_IDENTIFIER = com.sogeti.TrainingPlanner;
				PRODUCT_NAME = "$(TARGET_NAME)";
				SWIFT_VERSION = 3.0;
			};
			name = Release;
		};
		C1CBEEB11ECDB6F8006967D8 /* Debug */ = {
			isa = XCBuildConfiguration;
			buildSettings = {
				ALWAYS_EMBED_SWIFT_STANDARD_LIBRARIES = YES;
				BUNDLE_LOADER = "$(TEST_HOST)";
				INFOPLIST_FILE = TrainingPlannerTests/Info.plist;
				LD_RUNPATH_SEARCH_PATHS = "$(inherited) @executable_path/Frameworks @loader_path/Frameworks";
				PRODUCT_BUNDLE_IDENTIFIER = com.sogeti.trainingPlanner.TrainingPlannerTests;
				PRODUCT_NAME = "$(TARGET_NAME)";
				SWIFT_VERSION = 3.0;
				TEST_HOST = "$(BUILT_PRODUCTS_DIR)/TrainingPlanner.app/TrainingPlanner";
			};
			name = Debug;
		};
		C1CBEEB21ECDB6F8006967D8 /* Release */ = {
			isa = XCBuildConfiguration;
			buildSettings = {
				ALWAYS_EMBED_SWIFT_STANDARD_LIBRARIES = YES;
				BUNDLE_LOADER = "$(TEST_HOST)";
				INFOPLIST_FILE = TrainingPlannerTests/Info.plist;
				LD_RUNPATH_SEARCH_PATHS = "$(inherited) @executable_path/Frameworks @loader_path/Frameworks";
				PRODUCT_BUNDLE_IDENTIFIER = com.sogeti.trainingPlanner.TrainingPlannerTests;
				PRODUCT_NAME = "$(TARGET_NAME)";
				SWIFT_VERSION = 3.0;
				TEST_HOST = "$(BUILT_PRODUCTS_DIR)/TrainingPlanner.app/TrainingPlanner";
			};
			name = Release;
		};
		C1CBEEB41ECDB6F8006967D8 /* Debug */ = {
			isa = XCBuildConfiguration;
			buildSettings = {
				ALWAYS_EMBED_SWIFT_STANDARD_LIBRARIES = YES;
				INFOPLIST_FILE = TrainingPlannerUITests/Info.plist;
				LD_RUNPATH_SEARCH_PATHS = "$(inherited) @executable_path/Frameworks @loader_path/Frameworks";
				PRODUCT_BUNDLE_IDENTIFIER = com.sogeti.trainingPlanner.TrainingPlannerUITests;
				PRODUCT_NAME = "$(TARGET_NAME)";
				SWIFT_VERSION = 3.0;
				TEST_TARGET_NAME = TrainingPlanner;
			};
			name = Debug;
		};
		C1CBEEB51ECDB6F8006967D8 /* Release */ = {
			isa = XCBuildConfiguration;
			buildSettings = {
				ALWAYS_EMBED_SWIFT_STANDARD_LIBRARIES = YES;
				INFOPLIST_FILE = TrainingPlannerUITests/Info.plist;
				LD_RUNPATH_SEARCH_PATHS = "$(inherited) @executable_path/Frameworks @loader_path/Frameworks";
				PRODUCT_BUNDLE_IDENTIFIER = com.sogeti.trainingPlanner.TrainingPlannerUITests;
				PRODUCT_NAME = "$(TARGET_NAME)";
				SWIFT_VERSION = 3.0;
				TEST_TARGET_NAME = TrainingPlanner;
			};
			name = Release;
		};
/* End XCBuildConfiguration section */

/* Begin XCConfigurationList section */
		C1CBEE801ECDB6F8006967D8 /* Build configuration list for PBXProject "TrainingPlanner" */ = {
			isa = XCConfigurationList;
			buildConfigurations = (
				C1CBEEAB1ECDB6F8006967D8 /* Debug */,
				C1CBEEAC1ECDB6F8006967D8 /* Release */,
			);
			defaultConfigurationIsVisible = 0;
			defaultConfigurationName = Release;
		};
		C1CBEEAD1ECDB6F8006967D8 /* Build configuration list for PBXNativeTarget "TrainingPlanner" */ = {
			isa = XCConfigurationList;
			buildConfigurations = (
				C1CBEEAE1ECDB6F8006967D8 /* Debug */,
				C1CBEEAF1ECDB6F8006967D8 /* Release */,
			);
			defaultConfigurationIsVisible = 0;
			defaultConfigurationName = Release;
		};
		C1CBEEB01ECDB6F8006967D8 /* Build configuration list for PBXNativeTarget "TrainingPlannerTests" */ = {
			isa = XCConfigurationList;
			buildConfigurations = (
				C1CBEEB11ECDB6F8006967D8 /* Debug */,
				C1CBEEB21ECDB6F8006967D8 /* Release */,
			);
			defaultConfigurationIsVisible = 0;
			defaultConfigurationName = Release;
		};
		C1CBEEB31ECDB6F8006967D8 /* Build configuration list for PBXNativeTarget "TrainingPlannerUITests" */ = {
			isa = XCConfigurationList;
			buildConfigurations = (
				C1CBEEB41ECDB6F8006967D8 /* Debug */,
				C1CBEEB51ECDB6F8006967D8 /* Release */,
			);
			defaultConfigurationIsVisible = 0;
			defaultConfigurationName = Release;
		};
/* End XCConfigurationList section */
	};
	rootObject = C1CBEE7D1ECDB6F8006967D8 /* Project object */;
}
